// !$*UTF8*$!
{
	archiveVersion = 1;
	classes = {
	};
	objectVersion = 46;
	objects = {

/* Begin PBXBuildFile section */
		0820F5D91C0D565900E17DD1 /* Settings.bundle in Resources */ = {isa = PBXBuildFile; fileRef = 0820F5D81C0D565900E17DD1 /* Settings.bundle */; };
		0820F5DA1C0D565900E17DD1 /* Settings.bundle in Resources */ = {isa = PBXBuildFile; fileRef = 0820F5D81C0D565900E17DD1 /* Settings.bundle */; };
		084A465C1C205EA1005C73F0 /* Utility.m in Sources */ = {isa = PBXBuildFile; fileRef = 084A465B1C205EA1005C73F0 /* Utility.m */; };
		084A465D1C205EA1005C73F0 /* Utility.m in Sources */ = {isa = PBXBuildFile; fileRef = 084A465B1C205EA1005C73F0 /* Utility.m */; };
		0851E9F21C0C9675006C2932 /* MainWindow.xib in Resources */ = {isa = PBXBuildFile; fileRef = 28AD733E0D9D9553002E5188 /* MainWindow.xib */; };
		0851E9F31C0C9675006C2932 /* LibMecabSampleViewController.xib in Resources */ = {isa = PBXBuildFile; fileRef = 2899E5210DE3E06400AC0155 /* LibMecabSampleViewController.xib */; };
		0851E9F41C0C9675006C2932 /* NodeCell.xib in Resources */ = {isa = PBXBuildFile; fileRef = 13C86E5D12C87B3E006F2369 /* NodeCell.xib */; };
		0851E9F51C0C9675006C2932 /* char.bin in Resources */ = {isa = PBXBuildFile; fileRef = 13C86E8C12C87C93006F2369 /* char.bin */; };
		0851E9F61C0C9675006C2932 /* dicrc in Resources */ = {isa = PBXBuildFile; fileRef = 13C86E8D12C87C93006F2369 /* dicrc */; };
		0851E9F71C0C9675006C2932 /* Default-568h@2x.png in Resources */ = {isa = PBXBuildFile; fileRef = 08B0BCA01C02B19100D5A21C /* Default-568h@2x.png */; };
		0851E9F81C0C9675006C2932 /* left-id.def in Resources */ = {isa = PBXBuildFile; fileRef = 13C86E8E12C87C93006F2369 /* left-id.def */; };
		0851E9F91C0C9675006C2932 /* matrix.bin in Resources */ = {isa = PBXBuildFile; fileRef = 13C86E8F12C87C94006F2369 /* matrix.bin */; };
		0851E9FA1C0C9675006C2932 /* pos-id.def in Resources */ = {isa = PBXBuildFile; fileRef = 13C86E9012C87C94006F2369 /* pos-id.def */; };
		0851E9FB1C0C9675006C2932 /* rewrite.def in Resources */ = {isa = PBXBuildFile; fileRef = 13C86E9112C87C94006F2369 /* rewrite.def */; };
		0851E9FC1C0C9675006C2932 /* right-id.def in Resources */ = {isa = PBXBuildFile; fileRef = 13C86E9212C87C94006F2369 /* right-id.def */; };
		0851E9FD1C0C9675006C2932 /* sys.dic in Resources */ = {isa = PBXBuildFile; fileRef = 13C86E9312C87C9C006F2369 /* sys.dic */; };
		0851E9FE1C0C9675006C2932 /* TokensViewController.xib in Resources */ = {isa = PBXBuildFile; fileRef = 089AFE881C03353900BA5F98 /* TokensViewController.xib */; };
		0851E9FF1C0C9675006C2932 /* unk.dic in Resources */ = {isa = PBXBuildFile; fileRef = 13C86E9412C87C9D006F2369 /* unk.dic */; };
		0851EA001C0C9675006C2932 /* TokenCell.xib in Resources */ = {isa = PBXBuildFile; fileRef = 089AFE851C03353400BA5F98 /* TokenCell.xib */; };
		0851EA011C0C9675006C2932 /* mecabrc in Resources */ = {isa = PBXBuildFile; fileRef = 13C86F6D12C8871C006F2369 /* mecabrc */; };
		0851EA021C0C9675006C2932 /* folder.png in Resources */ = {isa = PBXBuildFile; fileRef = 089AFE951C03F51A00BA5F98 /* folder.png */; };
		0851EA041C0C9675006C2932 /* TokensViewController.m in Sources */ = {isa = PBXBuildFile; fileRef = 089AFE8B1C03359000BA5F98 /* TokensViewController.m */; };
		0851EA051C0C9675006C2932 /* main.m in Sources */ = {isa = PBXBuildFile; fileRef = 29B97316FDCFA39411CA2CEA /* main.m */; };
		0851EA061C0C9675006C2932 /* LibMecabSampleAppDelegate.m in Sources */ = {isa = PBXBuildFile; fileRef = 1D3623250D0F684500981E51 /* LibMecabSampleAppDelegate.m */; };
		0851EA071C0C9675006C2932 /* LibMecabSampleViewController.m in Sources */ = {isa = PBXBuildFile; fileRef = 28D7ACF70DDB3853001CB0EB /* LibMecabSampleViewController.m */; };
		0851EA081C0C9675006C2932 /* Mecab.m in Sources */ = {isa = PBXBuildFile; fileRef = 13C86E5812C87B30006F2369 /* Mecab.m */; };
		0851EA091C0C9675006C2932 /* Node.m in Sources */ = {isa = PBXBuildFile; fileRef = 13C86E5A12C87B30006F2369 /* Node.m */; };
		0851EA0A1C0C9675006C2932 /* NodeCell.m in Sources */ = {isa = PBXBuildFile; fileRef = 13C86E6A12C87B77006F2369 /* NodeCell.m */; };
		0851EA0B1C0C9675006C2932 /* TokenCell.m in Sources */ = {isa = PBXBuildFile; fileRef = 089AFE8E1C03359700BA5F98 /* TokenCell.m */; };
		0851EA0D1C0C9675006C2932 /* Foundation.framework in Frameworks */ = {isa = PBXBuildFile; fileRef = 1D30AB110D05D00D00671497 /* Foundation.framework */; };
		0851EA0E1C0C9675006C2932 /* UIKit.framework in Frameworks */ = {isa = PBXBuildFile; fileRef = 1DF5F4DF0D08C38300B7A737 /* UIKit.framework */; };
		0851EA0F1C0C9675006C2932 /* CoreGraphics.framework in Frameworks */ = {isa = PBXBuildFile; fileRef = 288765A40DF7441C002DB57D /* CoreGraphics.framework */; };
		0851EA101C0C9675006C2932 /* libiconv.dylib in Frameworks */ = {isa = PBXBuildFile; fileRef = 13C86E6712C87B6C006F2369 /* libiconv.dylib */; };
		0851EA111C0C9675006C2932 /* libmecab.a in Frameworks */ = {isa = PBXBuildFile; fileRef = 13C86E7C12C87C31006F2369 /* libmecab.a */; };
		0851EA121C0C9675006C2932 /* libstdc++.dylib in Frameworks */ = {isa = PBXBuildFile; fileRef = 13C86E8712C87C70006F2369 /* libstdc++.dylib */; };
		0851EA1A1C0C96D7006C2932 /* CloudKit.framework in Frameworks */ = {isa = PBXBuildFile; fileRef = 0851EA191C0C96D7006C2932 /* CloudKit.framework */; };
		0851EA1C1C0C96E3006C2932 /* CloudKit.framework in Frameworks */ = {isa = PBXBuildFile; fileRef = 0851EA191C0C96D7006C2932 /* CloudKit.framework */; };
		089AFE861C03353400BA5F98 /* TokenCell.xib in Resources */ = {isa = PBXBuildFile; fileRef = 089AFE851C03353400BA5F98 /* TokenCell.xib */; };
		089AFE891C03353900BA5F98 /* TokensViewController.xib in Resources */ = {isa = PBXBuildFile; fileRef = 089AFE881C03353900BA5F98 /* TokensViewController.xib */; };
		089AFE8C1C03359000BA5F98 /* TokensViewController.m in Sources */ = {isa = PBXBuildFile; fileRef = 089AFE8B1C03359000BA5F98 /* TokensViewController.m */; };
		089AFE8F1C03359700BA5F98 /* TokenCell.m in Sources */ = {isa = PBXBuildFile; fileRef = 089AFE8E1C03359700BA5F98 /* TokenCell.m */; };
		089AFE961C03F51A00BA5F98 /* folder.png in Resources */ = {isa = PBXBuildFile; fileRef = 089AFE951C03F51A00BA5F98 /* folder.png */; };
		08B0BCA11C02B19100D5A21C /* Default-568h@2x.png in Resources */ = {isa = PBXBuildFile; fileRef = 08B0BCA01C02B19100D5A21C /* Default-568h@2x.png */; };
		13C86E5B12C87B30006F2369 /* Mecab.m in Sources */ = {isa = PBXBuildFile; fileRef = 13C86E5812C87B30006F2369 /* Mecab.m */; };
		13C86E5C12C87B30006F2369 /* Node.m in Sources */ = {isa = PBXBuildFile; fileRef = 13C86E5A12C87B30006F2369 /* Node.m */; };
		13C86E5E12C87B3E006F2369 /* NodeCell.xib in Resources */ = {isa = PBXBuildFile; fileRef = 13C86E5D12C87B3E006F2369 /* NodeCell.xib */; };
		13C86E6812C87B6C006F2369 /* libiconv.dylib in Frameworks */ = {isa = PBXBuildFile; fileRef = 13C86E6712C87B6C006F2369 /* libiconv.dylib */; };
		13C86E6B12C87B77006F2369 /* NodeCell.m in Sources */ = {isa = PBXBuildFile; fileRef = 13C86E6A12C87B77006F2369 /* NodeCell.m */; };
		13C86E7D12C87C33006F2369 /* libmecab.a in Frameworks */ = {isa = PBXBuildFile; fileRef = 13C86E7C12C87C31006F2369 /* libmecab.a */; };
		13C86E8812C87C70006F2369 /* libstdc++.dylib in Frameworks */ = {isa = PBXBuildFile; fileRef = 13C86E8712C87C70006F2369 /* libstdc++.dylib */; };
		13C86E9512C87C9D006F2369 /* char.bin in Resources */ = {isa = PBXBuildFile; fileRef = 13C86E8C12C87C93006F2369 /* char.bin */; };
		13C86E9612C87C9D006F2369 /* dicrc in Resources */ = {isa = PBXBuildFile; fileRef = 13C86E8D12C87C93006F2369 /* dicrc */; };
		13C86E9712C87C9D006F2369 /* left-id.def in Resources */ = {isa = PBXBuildFile; fileRef = 13C86E8E12C87C93006F2369 /* left-id.def */; };
		13C86E9812C87C9D006F2369 /* matrix.bin in Resources */ = {isa = PBXBuildFile; fileRef = 13C86E8F12C87C94006F2369 /* matrix.bin */; };
		13C86E9912C87C9D006F2369 /* pos-id.def in Resources */ = {isa = PBXBuildFile; fileRef = 13C86E9012C87C94006F2369 /* pos-id.def */; };
		13C86E9A12C87C9D006F2369 /* rewrite.def in Resources */ = {isa = PBXBuildFile; fileRef = 13C86E9112C87C94006F2369 /* rewrite.def */; };
		13C86E9B12C87C9D006F2369 /* right-id.def in Resources */ = {isa = PBXBuildFile; fileRef = 13C86E9212C87C94006F2369 /* right-id.def */; };
		13C86E9C12C87C9D006F2369 /* sys.dic in Resources */ = {isa = PBXBuildFile; fileRef = 13C86E9312C87C9C006F2369 /* sys.dic */; };
		13C86E9D12C87C9D006F2369 /* unk.dic in Resources */ = {isa = PBXBuildFile; fileRef = 13C86E9412C87C9D006F2369 /* unk.dic */; };
		13C86F6E12C8871C006F2369 /* mecabrc in Resources */ = {isa = PBXBuildFile; fileRef = 13C86F6D12C8871C006F2369 /* mecabrc */; };
		1D3623260D0F684500981E51 /* LibMecabSampleAppDelegate.m in Sources */ = {isa = PBXBuildFile; fileRef = 1D3623250D0F684500981E51 /* LibMecabSampleAppDelegate.m */; };
		1D60589B0D05DD56006BFB54 /* main.m in Sources */ = {isa = PBXBuildFile; fileRef = 29B97316FDCFA39411CA2CEA /* main.m */; };
		1D60589F0D05DD5A006BFB54 /* Foundation.framework in Frameworks */ = {isa = PBXBuildFile; fileRef = 1D30AB110D05D00D00671497 /* Foundation.framework */; };
		1DF5F4E00D08C38300B7A737 /* UIKit.framework in Frameworks */ = {isa = PBXBuildFile; fileRef = 1DF5F4DF0D08C38300B7A737 /* UIKit.framework */; };
		288765A50DF7441C002DB57D /* CoreGraphics.framework in Frameworks */ = {isa = PBXBuildFile; fileRef = 288765A40DF7441C002DB57D /* CoreGraphics.framework */; };
		2899E5220DE3E06400AC0155 /* LibMecabSampleViewController.xib in Resources */ = {isa = PBXBuildFile; fileRef = 2899E5210DE3E06400AC0155 /* LibMecabSampleViewController.xib */; };
		28AD733F0D9D9553002E5188 /* MainWindow.xib in Resources */ = {isa = PBXBuildFile; fileRef = 28AD733E0D9D9553002E5188 /* MainWindow.xib */; };
		28D7ACF80DDB3853001CB0EB /* LibMecabSampleViewController.m in Sources */ = {isa = PBXBuildFile; fileRef = 28D7ACF70DDB3853001CB0EB /* LibMecabSampleViewController.m */; };
/* End PBXBuildFile section */

/* Begin PBXContainerItemProxy section */
		13C86E7B12C87C31006F2369 /* PBXContainerItemProxy */ = {
			isa = PBXContainerItemProxy;
			containerPortal = 13C86E7412C87C31006F2369 /* mecab.xcodeproj */;
			proxyType = 2;
			remoteGlobalIDString = D2AAC07E0554694100DB518D;
			remoteInfo = mecab;
		};
/* End PBXContainerItemProxy section */

/* Begin PBXFileReference section */
		0820F5D81C0D565900E17DD1 /* Settings.bundle */ = {isa = PBXFileReference; lastKnownFileType = "wrapper.plug-in"; path = Settings.bundle; sourceTree = "<group>"; };
		084A465A1C205EA1005C73F0 /* Utility.h */ = {isa = PBXFileReference; fileEncoding = 4; lastKnownFileType = sourcecode.c.h; path = Utility.h; sourceTree = "<group>"; };
		084A465B1C205EA1005C73F0 /* Utility.m */ = {isa = PBXFileReference; fileEncoding = 4; lastKnownFileType = sourcecode.c.objc; path = Utility.m; sourceTree = "<group>"; };
		0851EA161C0C9675006C2932 /* HinshiMaster.app */ = {isa = PBXFileReference; explicitFileType = wrapper.application; includeInIndex = 0; path = HinshiMaster.app; sourceTree = BUILT_PRODUCTS_DIR; };
		0851EA181C0C96BE006C2932 /* HinshiMasterDev.entitlements */ = {isa = PBXFileReference; lastKnownFileType = text.xml; path = HinshiMasterDev.entitlements; sourceTree = "<group>"; };
		0851EA191C0C96D7006C2932 /* CloudKit.framework */ = {isa = PBXFileReference; lastKnownFileType = wrapper.framework; name = CloudKit.framework; path = System/Library/Frameworks/CloudKit.framework; sourceTree = SDKROOT; };
		0851EA1B1C0C96DF006C2932 /* HinshiMaster.entitlements */ = {isa = PBXFileReference; lastKnownFileType = text.xml; path = HinshiMaster.entitlements; sourceTree = "<group>"; };
		089AFE851C03353400BA5F98 /* TokenCell.xib */ = {isa = PBXFileReference; fileEncoding = 4; lastKnownFileType = file.xib; path = TokenCell.xib; sourceTree = "<group>"; };
		089AFE881C03353900BA5F98 /* TokensViewController.xib */ = {isa = PBXFileReference; fileEncoding = 4; lastKnownFileType = file.xib; path = TokensViewController.xib; sourceTree = "<group>"; };
		089AFE8A1C03359000BA5F98 /* TokensViewController.h */ = {isa = PBXFileReference; fileEncoding = 4; lastKnownFileType = sourcecode.c.h; path = TokensViewController.h; sourceTree = "<group>"; };
		089AFE8B1C03359000BA5F98 /* TokensViewController.m */ = {isa = PBXFileReference; fileEncoding = 4; lastKnownFileType = sourcecode.c.objc; path = TokensViewController.m; sourceTree = "<group>"; };
		089AFE8D1C03359700BA5F98 /* TokenCell.h */ = {isa = PBXFileReference; fileEncoding = 4; lastKnownFileType = sourcecode.c.h; path = TokenCell.h; sourceTree = "<group>"; };
		089AFE8E1C03359700BA5F98 /* TokenCell.m */ = {isa = PBXFileReference; fileEncoding = 4; lastKnownFileType = sourcecode.c.objc; path = TokenCell.m; sourceTree = "<group>"; };
		089AFE951C03F51A00BA5F98 /* folder.png */ = {isa = PBXFileReference; lastKnownFileType = image.png; path = folder.png; sourceTree = "<group>"; };
		089AFE991C0407A500BA5F98 /* definitions.h */ = {isa = PBXFileReference; lastKnownFileType = sourcecode.c.h; path = definitions.h; sourceTree = "<group>"; };
		089AFE9B1C04092100BA5F98 /* HinshiMaster-Info.plist */ = {isa = PBXFileReference; fileEncoding = 4; lastKnownFileType = text.plist.xml; path = "HinshiMaster-Info.plist"; sourceTree = "<group>"; };
		08B0BCA01C02B19100D5A21C /* Default-568h@2x.png */ = {isa = PBXFileReference; lastKnownFileType = image.png; path = "Default-568h@2x.png"; sourceTree = "<group>"; };
		13C86E5712C87B30006F2369 /* Mecab.h */ = {isa = PBXFileReference; fileEncoding = 4; lastKnownFileType = sourcecode.c.h; path = Mecab.h; sourceTree = "<group>"; };
		13C86E5812C87B30006F2369 /* Mecab.m */ = {isa = PBXFileReference; fileEncoding = 4; lastKnownFileType = sourcecode.c.objc; path = Mecab.m; sourceTree = "<group>"; };
		13C86E5912C87B30006F2369 /* Node.h */ = {isa = PBXFileReference; fileEncoding = 4; lastKnownFileType = sourcecode.c.h; path = Node.h; sourceTree = "<group>"; };
		13C86E5A12C87B30006F2369 /* Node.m */ = {isa = PBXFileReference; fileEncoding = 4; lastKnownFileType = sourcecode.c.objc; path = Node.m; sourceTree = "<group>"; };
		13C86E5D12C87B3E006F2369 /* NodeCell.xib */ = {isa = PBXFileReference; lastKnownFileType = file.xib; path = NodeCell.xib; sourceTree = "<group>"; };
		13C86E6712C87B6C006F2369 /* libiconv.dylib */ = {isa = PBXFileReference; lastKnownFileType = "compiled.mach-o.dylib"; name = libiconv.dylib; path = usr/lib/libiconv.dylib; sourceTree = SDKROOT; };
		13C86E6912C87B77006F2369 /* NodeCell.h */ = {isa = PBXFileReference; fileEncoding = 4; lastKnownFileType = sourcecode.c.h; path = NodeCell.h; sourceTree = "<group>"; };
		13C86E6A12C87B77006F2369 /* NodeCell.m */ = {isa = PBXFileReference; fileEncoding = 4; lastKnownFileType = sourcecode.c.objc; path = NodeCell.m; sourceTree = "<group>"; };
		13C86E7412C87C31006F2369 /* mecab.xcodeproj */ = {isa = PBXFileReference; lastKnownFileType = "wrapper.pb-project"; name = mecab.xcodeproj; path = ../mecab/mecab.xcodeproj; sourceTree = SOURCE_ROOT; };
		13C86E8712C87C70006F2369 /* libstdc++.dylib */ = {isa = PBXFileReference; lastKnownFileType = "compiled.mach-o.dylib"; name = "libstdc++.dylib"; path = "usr/lib/libstdc++.dylib"; sourceTree = SDKROOT; };
		13C86E8C12C87C93006F2369 /* char.bin */ = {isa = PBXFileReference; lastKnownFileType = archive.macbinary; path = char.bin; sourceTree = "<group>"; };
		13C86E8D12C87C93006F2369 /* dicrc */ = {isa = PBXFileReference; fileEncoding = 4; lastKnownFileType = text; path = dicrc; sourceTree = "<group>"; };
		13C86E8E12C87C93006F2369 /* left-id.def */ = {isa = PBXFileReference; fileEncoding = 4; lastKnownFileType = text; path = "left-id.def"; sourceTree = "<group>"; };
		13C86E8F12C87C94006F2369 /* matrix.bin */ = {isa = PBXFileReference; lastKnownFileType = archive.macbinary; path = matrix.bin; sourceTree = "<group>"; };
		13C86E9012C87C94006F2369 /* pos-id.def */ = {isa = PBXFileReference; fileEncoding = 4; lastKnownFileType = text; path = "pos-id.def"; sourceTree = "<group>"; };
		13C86E9112C87C94006F2369 /* rewrite.def */ = {isa = PBXFileReference; fileEncoding = 4; lastKnownFileType = text; path = rewrite.def; sourceTree = "<group>"; };
		13C86E9212C87C94006F2369 /* right-id.def */ = {isa = PBXFileReference; fileEncoding = 4; lastKnownFileType = text; path = "right-id.def"; sourceTree = "<group>"; };
		13C86E9312C87C9C006F2369 /* sys.dic */ = {isa = PBXFileReference; lastKnownFileType = file; path = sys.dic; sourceTree = "<group>"; };
		13C86E9412C87C9D006F2369 /* unk.dic */ = {isa = PBXFileReference; lastKnownFileType = file; path = unk.dic; sourceTree = "<group>"; };
		13C86F6D12C8871C006F2369 /* mecabrc */ = {isa = PBXFileReference; fileEncoding = 4; lastKnownFileType = text; path = mecabrc; sourceTree = "<group>"; };
		1D30AB110D05D00D00671497 /* Foundation.framework */ = {isa = PBXFileReference; lastKnownFileType = wrapper.framework; name = Foundation.framework; path = System/Library/Frameworks/Foundation.framework; sourceTree = SDKROOT; };
		1D3623240D0F684500981E51 /* LibMecabSampleAppDelegate.h */ = {isa = PBXFileReference; fileEncoding = 4; lastKnownFileType = sourcecode.c.h; path = LibMecabSampleAppDelegate.h; sourceTree = "<group>"; };
		1D3623250D0F684500981E51 /* LibMecabSampleAppDelegate.m */ = {isa = PBXFileReference; fileEncoding = 4; lastKnownFileType = sourcecode.c.objc; path = LibMecabSampleAppDelegate.m; sourceTree = "<group>"; };
		1D6058910D05DD3D006BFB54 /* LibMecabSample.app */ = {isa = PBXFileReference; explicitFileType = wrapper.application; includeInIndex = 0; path = LibMecabSample.app; sourceTree = BUILT_PRODUCTS_DIR; };
		1DF5F4DF0D08C38300B7A737 /* UIKit.framework */ = {isa = PBXFileReference; lastKnownFileType = wrapper.framework; name = UIKit.framework; path = System/Library/Frameworks/UIKit.framework; sourceTree = SDKROOT; };
		288765A40DF7441C002DB57D /* CoreGraphics.framework */ = {isa = PBXFileReference; lastKnownFileType = wrapper.framework; name = CoreGraphics.framework; path = System/Library/Frameworks/CoreGraphics.framework; sourceTree = SDKROOT; };
		2899E5210DE3E06400AC0155 /* LibMecabSampleViewController.xib */ = {isa = PBXFileReference; lastKnownFileType = file.xib; path = LibMecabSampleViewController.xib; sourceTree = "<group>"; };
		28AD733E0D9D9553002E5188 /* MainWindow.xib */ = {isa = PBXFileReference; lastKnownFileType = file.xib; path = MainWindow.xib; sourceTree = "<group>"; };
		28D7ACF60DDB3853001CB0EB /* LibMecabSampleViewController.h */ = {isa = PBXFileReference; fileEncoding = 4; lastKnownFileType = sourcecode.c.h; path = LibMecabSampleViewController.h; sourceTree = "<group>"; };
		28D7ACF70DDB3853001CB0EB /* LibMecabSampleViewController.m */ = {isa = PBXFileReference; fileEncoding = 4; lastKnownFileType = sourcecode.c.objc; path = LibMecabSampleViewController.m; sourceTree = "<group>"; };
		29B97316FDCFA39411CA2CEA /* main.m */ = {isa = PBXFileReference; fileEncoding = 4; lastKnownFileType = sourcecode.c.objc; path = main.m; sourceTree = "<group>"; };
		32CA4F630368D1EE00C91783 /* LibMecabSample_Prefix.pch */ = {isa = PBXFileReference; fileEncoding = 4; lastKnownFileType = sourcecode.c.h; path = LibMecabSample_Prefix.pch; sourceTree = "<group>"; };
/* End PBXFileReference section */

/* Begin PBXFrameworksBuildPhase section */
		0851EA0C1C0C9675006C2932 /* Frameworks */ = {
			isa = PBXFrameworksBuildPhase;
			buildActionMask = 2147483647;
			files = (
				0851EA1A1C0C96D7006C2932 /* CloudKit.framework in Frameworks */,
				0851EA0D1C0C9675006C2932 /* Foundation.framework in Frameworks */,
				0851EA0E1C0C9675006C2932 /* UIKit.framework in Frameworks */,
				0851EA0F1C0C9675006C2932 /* CoreGraphics.framework in Frameworks */,
				0851EA101C0C9675006C2932 /* libiconv.dylib in Frameworks */,
				0851EA111C0C9675006C2932 /* libmecab.a in Frameworks */,
				0851EA121C0C9675006C2932 /* libstdc++.dylib in Frameworks */,
			);
			runOnlyForDeploymentPostprocessing = 0;
		};
		1D60588F0D05DD3D006BFB54 /* Frameworks */ = {
			isa = PBXFrameworksBuildPhase;
			buildActionMask = 2147483647;
			files = (
				0851EA1C1C0C96E3006C2932 /* CloudKit.framework in Frameworks */,
				1D60589F0D05DD5A006BFB54 /* Foundation.framework in Frameworks */,
				1DF5F4E00D08C38300B7A737 /* UIKit.framework in Frameworks */,
				288765A50DF7441C002DB57D /* CoreGraphics.framework in Frameworks */,
				13C86E6812C87B6C006F2369 /* libiconv.dylib in Frameworks */,
				13C86E7D12C87C33006F2369 /* libmecab.a in Frameworks */,
				13C86E8812C87C70006F2369 /* libstdc++.dylib in Frameworks */,
			);
			runOnlyForDeploymentPostprocessing = 0;
		};
/* End PBXFrameworksBuildPhase section */

/* Begin PBXGroup section */
		080E96DDFE201D6D7F000001 /* Classes */ = {
			isa = PBXGroup;
			children = (
				089AFE991C0407A500BA5F98 /* definitions.h */,
				1D3623240D0F684500981E51 /* LibMecabSampleAppDelegate.h */,
				1D3623250D0F684500981E51 /* LibMecabSampleAppDelegate.m */,
				28D7ACF60DDB3853001CB0EB /* LibMecabSampleViewController.h */,
				28D7ACF70DDB3853001CB0EB /* LibMecabSampleViewController.m */,
				13C86E6912C87B77006F2369 /* NodeCell.h */,
				13C86E6A12C87B77006F2369 /* NodeCell.m */,
				089AFE8A1C03359000BA5F98 /* TokensViewController.h */,
				089AFE8B1C03359000BA5F98 /* TokensViewController.m */,
				089AFE8D1C03359700BA5F98 /* TokenCell.h */,
				089AFE8E1C03359700BA5F98 /* TokenCell.m */,
				084A465A1C205EA1005C73F0 /* Utility.h */,
				084A465B1C205EA1005C73F0 /* Utility.m */,
			);
			path = Classes;
			sourceTree = "<group>";
		};
		13C86E5612C87B30006F2369 /* Mecab */ = {
			isa = PBXGroup;
			children = (
				13C86E5712C87B30006F2369 /* Mecab.h */,
				13C86E5812C87B30006F2369 /* Mecab.m */,
				13C86E5912C87B30006F2369 /* Node.h */,
				13C86E5A12C87B30006F2369 /* Node.m */,
			);
			name = Mecab;
			sourceTree = "<group>";
		};
		13C86E7512C87C31006F2369 /* Products */ = {
			isa = PBXGroup;
			children = (
				13C86E7C12C87C31006F2369 /* libmecab.a */,
			);
			name = Products;
			sourceTree = "<group>";
		};
		13C86E8B12C87C93006F2369 /* ipadic */ = {
			isa = PBXGroup;
			children = (
				13C86E8C12C87C93006F2369 /* char.bin */,
				13C86E8D12C87C93006F2369 /* dicrc */,
				13C86E8E12C87C93006F2369 /* left-id.def */,
				13C86E8F12C87C94006F2369 /* matrix.bin */,
				13C86E9012C87C94006F2369 /* pos-id.def */,
				13C86E9112C87C94006F2369 /* rewrite.def */,
				13C86E9212C87C94006F2369 /* right-id.def */,
				13C86E9312C87C9C006F2369 /* sys.dic */,
				13C86E9412C87C9D006F2369 /* unk.dic */,
			);
			path = ipadic;
			sourceTree = "<group>";
		};
		19C28FACFE9D520D11CA2CBB /* Products */ = {
			isa = PBXGroup;
			children = (
				1D6058910D05DD3D006BFB54 /* LibMecabSample.app */,
				0851EA161C0C9675006C2932 /* HinshiMaster.app */,
			);
			name = Products;
			sourceTree = "<group>";
		};
		29B97314FDCFA39411CA2CEA /* CustomTemplate */ = {
			isa = PBXGroup;
			children = (
				089AFE9B1C04092100BA5F98 /* HinshiMaster-Info.plist */,
				0851EA181C0C96BE006C2932 /* HinshiMasterDev.entitlements */,
				0851EA1B1C0C96DF006C2932 /* HinshiMaster.entitlements */,
				0820F5D81C0D565900E17DD1 /* Settings.bundle */,
				08B0BCA01C02B19100D5A21C /* Default-568h@2x.png */,
				089AFE951C03F51A00BA5F98 /* folder.png */,
				080E96DDFE201D6D7F000001 /* Classes */,
				29B97315FDCFA39411CA2CEA /* Other Sources */,
				29B97317FDCFA39411CA2CEA /* Resources */,
				29B97323FDCFA39411CA2CEA /* Frameworks */,
				19C28FACFE9D520D11CA2CBB /* Products */,
			);
			name = CustomTemplate;
			sourceTree = "<group>";
		};
		29B97315FDCFA39411CA2CEA /* Other Sources */ = {
			isa = PBXGroup;
			children = (
				13C86E7412C87C31006F2369 /* mecab.xcodeproj */,
				13C86E5612C87B30006F2369 /* Mecab */,
				32CA4F630368D1EE00C91783 /* LibMecabSample_Prefix.pch */,
				29B97316FDCFA39411CA2CEA /* main.m */,
			);
			name = "Other Sources";
			sourceTree = "<group>";
		};
		29B97317FDCFA39411CA2CEA /* Resources */ = {
			isa = PBXGroup;
			children = (
				13C86F6D12C8871C006F2369 /* mecabrc */,
				13C86E8B12C87C93006F2369 /* ipadic */,
				28AD733E0D9D9553002E5188 /* MainWindow.xib */,
				2899E5210DE3E06400AC0155 /* LibMecabSampleViewController.xib */,
				13C86E5D12C87B3E006F2369 /* NodeCell.xib */,
				089AFE881C03353900BA5F98 /* TokensViewController.xib */,
				089AFE851C03353400BA5F98 /* TokenCell.xib */,
			);
			name = Resources;
			sourceTree = "<group>";
		};
		29B97323FDCFA39411CA2CEA /* Frameworks */ = {
			isa = PBXGroup;
			children = (
				0851EA191C0C96D7006C2932 /* CloudKit.framework */,
				1DF5F4DF0D08C38300B7A737 /* UIKit.framework */,
				1D30AB110D05D00D00671497 /* Foundation.framework */,
				288765A40DF7441C002DB57D /* CoreGraphics.framework */,
				13C86E6712C87B6C006F2369 /* libiconv.dylib */,
				13C86E8712C87C70006F2369 /* libstdc++.dylib */,
			);
			name = Frameworks;
			sourceTree = "<group>";
		};
/* End PBXGroup section */

/* Begin PBXNativeTarget section */
		0851E9F01C0C9675006C2932 /* HinshiMaster */ = {
			isa = PBXNativeTarget;
			buildConfigurationList = 0851EA131C0C9675006C2932 /* Build configuration list for PBXNativeTarget "HinshiMaster" */;
			buildPhases = (
				0851E9F11C0C9675006C2932 /* Resources */,
				0851EA031C0C9675006C2932 /* Sources */,
				0851EA0C1C0C9675006C2932 /* Frameworks */,
			);
			buildRules = (
			);
			dependencies = (
			);
			name = HinshiMaster;
			productName = LibMecabSample;
			productReference = 0851EA161C0C9675006C2932 /* HinshiMaster.app */;
			productType = "com.apple.product-type.application";
		};
		1D6058900D05DD3D006BFB54 /* HinshiMaster Dev */ = {
			isa = PBXNativeTarget;
			buildConfigurationList = 1D6058960D05DD3E006BFB54 /* Build configuration list for PBXNativeTarget "HinshiMaster Dev" */;
			buildPhases = (
				1D60588D0D05DD3D006BFB54 /* Resources */,
				1D60588E0D05DD3D006BFB54 /* Sources */,
				1D60588F0D05DD3D006BFB54 /* Frameworks */,
			);
			buildRules = (
			);
			dependencies = (
			);
			name = "HinshiMaster Dev";
			productName = LibMecabSample;
			productReference = 1D6058910D05DD3D006BFB54 /* LibMecabSample.app */;
			productType = "com.apple.product-type.application";
		};
/* End PBXNativeTarget section */

/* Begin PBXProject section */
		29B97313FDCFA39411CA2CEA /* Project object */ = {
			isa = PBXProject;
			attributes = {
				LastUpgradeCheck = 0710;
				TargetAttributes = {
					0851E9F01C0C9675006C2932 = {
						SystemCapabilities = {
							com.apple.iCloud = {
								enabled = 1;
							};
						};
					};
					1D6058900D05DD3D006BFB54 = {
						SystemCapabilities = {
							com.apple.iCloud = {
								enabled = 1;
							};
						};
					};
				};
			};
			buildConfigurationList = C01FCF4E08A954540054247B /* Build configuration list for PBXProject "LibMecabSample" */;
			compatibilityVersion = "Xcode 3.2";
			developmentRegion = English;
			hasScannedForEncodings = 1;
			knownRegions = (
				English,
				Japanese,
				French,
				German,
			);
			mainGroup = 29B97314FDCFA39411CA2CEA /* CustomTemplate */;
			projectDirPath = "";
			projectReferences = (
				{
					ProductGroup = 13C86E7512C87C31006F2369 /* Products */;
					ProjectRef = 13C86E7412C87C31006F2369 /* mecab.xcodeproj */;
				},
			);
			projectRoot = "";
			targets = (
				1D6058900D05DD3D006BFB54 /* HinshiMaster Dev */,
				0851E9F01C0C9675006C2932 /* HinshiMaster */,
			);
		};
/* End PBXProject section */

/* Begin PBXReferenceProxy section */
		13C86E7C12C87C31006F2369 /* libmecab.a */ = {
			isa = PBXReferenceProxy;
			fileType = archive.ar;
			path = libmecab.a;
			remoteRef = 13C86E7B12C87C31006F2369 /* PBXContainerItemProxy */;
			sourceTree = BUILT_PRODUCTS_DIR;
		};
/* End PBXReferenceProxy section */

/* Begin PBXResourcesBuildPhase section */
		0851E9F11C0C9675006C2932 /* Resources */ = {
			isa = PBXResourcesBuildPhase;
			buildActionMask = 2147483647;
			files = (
				0851E9F21C0C9675006C2932 /* MainWindow.xib in Resources */,
				0851E9F31C0C9675006C2932 /* LibMecabSampleViewController.xib in Resources */,
				0851E9F41C0C9675006C2932 /* NodeCell.xib in Resources */,
				0851E9F51C0C9675006C2932 /* char.bin in Resources */,
				0851E9F61C0C9675006C2932 /* dicrc in Resources */,
				0851E9F71C0C9675006C2932 /* Default-568h@2x.png in Resources */,
				0851E9F81C0C9675006C2932 /* left-id.def in Resources */,
				0851E9F91C0C9675006C2932 /* matrix.bin in Resources */,
				0851E9FA1C0C9675006C2932 /* pos-id.def in Resources */,
				0851E9FB1C0C9675006C2932 /* rewrite.def in Resources */,
				0851E9FC1C0C9675006C2932 /* right-id.def in Resources */,
				0851E9FD1C0C9675006C2932 /* sys.dic in Resources */,
				0851E9FE1C0C9675006C2932 /* TokensViewController.xib in Resources */,
				0851E9FF1C0C9675006C2932 /* unk.dic in Resources */,
				0851EA001C0C9675006C2932 /* TokenCell.xib in Resources */,
				0851EA011C0C9675006C2932 /* mecabrc in Resources */,
				0820F5DA1C0D565900E17DD1 /* Settings.bundle in Resources */,
				0851EA021C0C9675006C2932 /* folder.png in Resources */,
			);
			runOnlyForDeploymentPostprocessing = 0;
		};
		1D60588D0D05DD3D006BFB54 /* Resources */ = {
			isa = PBXResourcesBuildPhase;
			buildActionMask = 2147483647;
			files = (
				28AD733F0D9D9553002E5188 /* MainWindow.xib in Resources */,
				2899E5220DE3E06400AC0155 /* LibMecabSampleViewController.xib in Resources */,
				13C86E5E12C87B3E006F2369 /* NodeCell.xib in Resources */,
				13C86E9512C87C9D006F2369 /* char.bin in Resources */,
				13C86E9612C87C9D006F2369 /* dicrc in Resources */,
				08B0BCA11C02B19100D5A21C /* Default-568h@2x.png in Resources */,
				13C86E9712C87C9D006F2369 /* left-id.def in Resources */,
				13C86E9812C87C9D006F2369 /* matrix.bin in Resources */,
				13C86E9912C87C9D006F2369 /* pos-id.def in Resources */,
				13C86E9A12C87C9D006F2369 /* rewrite.def in Resources */,
				13C86E9B12C87C9D006F2369 /* right-id.def in Resources */,
				13C86E9C12C87C9D006F2369 /* sys.dic in Resources */,
				089AFE891C03353900BA5F98 /* TokensViewController.xib in Resources */,
				13C86E9D12C87C9D006F2369 /* unk.dic in Resources */,
				089AFE861C03353400BA5F98 /* TokenCell.xib in Resources */,
				13C86F6E12C8871C006F2369 /* mecabrc in Resources */,
				0820F5D91C0D565900E17DD1 /* Settings.bundle in Resources */,
				089AFE961C03F51A00BA5F98 /* folder.png in Resources */,
			);
			runOnlyForDeploymentPostprocessing = 0;
		};
/* End PBXResourcesBuildPhase section */

/* Begin PBXSourcesBuildPhase section */
		0851EA031C0C9675006C2932 /* Sources */ = {
			isa = PBXSourcesBuildPhase;
			buildActionMask = 2147483647;
			files = (
				0851EA041C0C9675006C2932 /* TokensViewController.m in Sources */,
				0851EA051C0C9675006C2932 /* main.m in Sources */,
				0851EA061C0C9675006C2932 /* LibMecabSampleAppDelegate.m in Sources */,
				0851EA071C0C9675006C2932 /* LibMecabSampleViewController.m in Sources */,
				084A465D1C205EA1005C73F0 /* Utility.m in Sources */,
				0851EA081C0C9675006C2932 /* Mecab.m in Sources */,
				0851EA091C0C9675006C2932 /* Node.m in Sources */,
				0851EA0A1C0C9675006C2932 /* NodeCell.m in Sources */,
				0851EA0B1C0C9675006C2932 /* TokenCell.m in Sources */,
			);
			runOnlyForDeploymentPostprocessing = 0;
		};
		1D60588E0D05DD3D006BFB54 /* Sources */ = {
			isa = PBXSourcesBuildPhase;
			buildActionMask = 2147483647;
			files = (
				089AFE8C1C03359000BA5F98 /* TokensViewController.m in Sources */,
				1D60589B0D05DD56006BFB54 /* main.m in Sources */,
				1D3623260D0F684500981E51 /* LibMecabSampleAppDelegate.m in Sources */,
				28D7ACF80DDB3853001CB0EB /* LibMecabSampleViewController.m in Sources */,
				084A465C1C205EA1005C73F0 /* Utility.m in Sources */,
				13C86E5B12C87B30006F2369 /* Mecab.m in Sources */,
				13C86E5C12C87B30006F2369 /* Node.m in Sources */,
				13C86E6B12C87B77006F2369 /* NodeCell.m in Sources */,
				089AFE8F1C03359700BA5F98 /* TokenCell.m in Sources */,
			);
			runOnlyForDeploymentPostprocessing = 0;
		};
/* End PBXSourcesBuildPhase section */

/* Begin XCBuildConfiguration section */
		0851EA141C0C9675006C2932 /* Debug */ = {
			isa = XCBuildConfiguration;
			buildSettings = {
				ALWAYS_SEARCH_USER_PATHS = NO;
				CODE_SIGN_ENTITLEMENTS = HinshiMaster.entitlements;
				CODE_SIGN_IDENTITY = "iPhone Developer";
				"CODE_SIGN_IDENTITY[sdk=iphoneos*]" = "iPhone Developer";
				COPY_PHASE_STRIP = NO;
				ENABLE_TESTABILITY = NO;
				GCC_DYNAMIC_NO_PIC = NO;
				GCC_OPTIMIZATION_LEVEL = 0;
				GCC_PRECOMPILE_PREFIX_HEADER = YES;
				GCC_PREFIX_HEADER = LibMecabSample_Prefix.pch;
				INFOPLIST_FILE = "LibMecabSample copy-Info.plist";
				OTHER_CFLAGS = "-DDEBUG";
				PRODUCT_BUNDLE_IDENTIFIER = jp.mydns.rikki.HinshiMaster;
				PRODUCT_NAME = "$(TARGET_NAME)";
				PROVISIONING_PROFILE = "";
			};
			name = Debug;
		};
		0851EA151C0C9675006C2932 /* Release */ = {
			isa = XCBuildConfiguration;
			buildSettings = {
				ALWAYS_SEARCH_USER_PATHS = NO;
				CODE_SIGN_ENTITLEMENTS = HinshiMaster.entitlements;
				CODE_SIGN_IDENTITY = "iPhone Developer";
				"CODE_SIGN_IDENTITY[sdk=iphoneos*]" = "iPhone Distribution";
				COPY_PHASE_STRIP = YES;
				ENABLE_TESTABILITY = YES;
				GCC_PRECOMPILE_PREFIX_HEADER = YES;
				GCC_PREFIX_HEADER = LibMecabSample_Prefix.pch;
				INFOPLIST_FILE = "LibMecabSample copy-Info.plist";
				PRODUCT_BUNDLE_IDENTIFIER = jp.mydns.rikki.HinshiMaster;
				PRODUCT_NAME = "$(TARGET_NAME)";
				PROVISIONING_PROFILE = "";
				VALIDATE_PRODUCT = YES;
			};
			name = Release;
		};
		1D6058940D05DD3E006BFB54 /* Debug */ = {
			isa = XCBuildConfiguration;
			buildSettings = {
				ALWAYS_SEARCH_USER_PATHS = NO;
				CODE_SIGN_ENTITLEMENTS = HinshiMasterDev.entitlements;
				CODE_SIGN_IDENTITY = "iPhone Developer";
				COPY_PHASE_STRIP = NO;
				GCC_DYNAMIC_NO_PIC = NO;
				GCC_OPTIMIZATION_LEVEL = 0;
				GCC_PRECOMPILE_PREFIX_HEADER = YES;
				GCC_PREFIX_HEADER = LibMecabSample_Prefix.pch;
				INFOPLIST_FILE = "HinshiMaster-Info.plist";
				OTHER_CFLAGS = "-DDEBUG";
				PRODUCT_BUNDLE_IDENTIFIER = jp.mydns.rikki.HinshiMaster;
				PRODUCT_NAME = LibMecabSample;
				VALIDATE_PRODUCT = YES;
			};
			name = Debug;
		};
		1D6058950D05DD3E006BFB54 /* Release */ = {
			isa = XCBuildConfiguration;
			buildSettings = {
				ALWAYS_SEARCH_USER_PATHS = NO;
				CODE_SIGN_ENTITLEMENTS = HinshiMasterDev.entitlements;
				CODE_SIGN_IDENTITY = "iPhone Developer";
				COPY_PHASE_STRIP = YES;
				GCC_PRECOMPILE_PREFIX_HEADER = YES;
				GCC_PREFIX_HEADER = LibMecabSample_Prefix.pch;
				INFOPLIST_FILE = "HinshiMaster-Info.plist";
				PRODUCT_BUNDLE_IDENTIFIER = jp.mydns.rikki.HinshiMaster;
				PRODUCT_NAME = LibMecabSample;
				VALIDATE_PRODUCT = NO;
			};
			name = Release;
		};
		C01FCF4F08A954540054247B /* Debug */ = {
			isa = XCBuildConfiguration;
			buildSettings = {
				"CODE_SIGN_IDENTITY[sdk=iphoneos*]" = "iPhone Developer";
				ENABLE_TESTABILITY = YES;
				GCC_C_LANGUAGE_STANDARD = c99;
				GCC_WARN_ABOUT_RETURN_TYPE = YES;
				GCC_WARN_UNUSED_VARIABLE = YES;
				HEADER_SEARCH_PATHS = ../mecab/;
				IPHONEOS_DEPLOYMENT_TARGET = 9.1;
				ONLY_ACTIVE_ARCH = YES;
				OTHER_CFLAGS = "-DDEBUG";
				PREBINDING = NO;
				SDKROOT = iphoneos;
			};
			name = Debug;
		};
		C01FCF5008A954540054247B /* Release */ = {
			isa = XCBuildConfiguration;
			buildSettings = {
				"CODE_SIGN_IDENTITY[sdk=iphoneos*]" = "iPhone Developer";
				GCC_C_LANGUAGE_STANDARD = c99;
				GCC_WARN_ABOUT_RETURN_TYPE = YES;
				GCC_WARN_UNUSED_VARIABLE = YES;
				HEADER_SEARCH_PATHS = ../mecab/;
				IPHONEOS_DEPLOYMENT_TARGET = 9.1;
				OTHER_CFLAGS = "-DNS_BLOCK_ASSERTIONS=1";
				PREBINDING = NO;
				SDKROOT = iphoneos;
			};
			name = Release;
		};
/* End XCBuildConfiguration section */

/* Begin XCConfigurationList section */
		0851EA131C0C9675006C2932 /* Build configuration list for PBXNativeTarget "HinshiMaster" */ = {
			isa = XCConfigurationList;
			buildConfigurations = (
				0851EA141C0C9675006C2932 /* Debug */,
				0851EA151C0C9675006C2932 /* Release */,
			);
			defaultConfigurationIsVisible = 0;
			defaultConfigurationName = Release;
		};
		1D6058960D05DD3E006BFB54 /* Build configuration list for PBXNativeTarget "HinshiMaster Dev" */ = {
			isa = XCConfigurationList;
			buildConfigurations = (
				1D6058940D05DD3E006BFB54 /* Debug */,
				1D6058950D05DD3E006BFB54 /* Release */,
			);
			defaultConfigurationIsVisible = 0;
			defaultConfigurationName = Release;
		};
		C01FCF4E08A954540054247B /* Build configuration list for PBXProject "LibMecabSample" */ = {
			isa = XCConfigurationList;
			buildConfigurations = (
				C01FCF4F08A954540054247B /* Debug */,
				C01FCF5008A954540054247B /* Release */,
			);
			defaultConfigurationIsVisible = 0;
			defaultConfigurationName = Release;
		};
/* End XCConfigurationList section */
	};
	rootObject = 29B97313FDCFA39411CA2CEA /* Project object */;
}
